<?xml version="1.0" encoding="utf-8"?>
<Project ToolsVersion="4.0" xmlns="http://schemas.microsoft.com/developer/msbuild/2003">
  <ItemGroup>
    <Filter Include="Framework">
      <UniqueIdentifier>{4FC737F1-C7A5-4376-A066-2A32D752A2FF}</UniqueIdentifier>
      <Extensions>cpp;c;cc;cxx;def;odl;idl;hpj;bat;asm;asmx</Extensions>
    </Filter>
    <Filter Include="Source">
      <UniqueIdentifier>{99ed4dcc-32ea-4c9d-93f1-362b46ffee97}</UniqueIdentifier>
    </Filter>
    <Filter Include="Framework\Window">
      <UniqueIdentifier>{bb0b681c-244a-4a1f-82ad-ea1449288db2}</UniqueIdentifier>
    </Filter>
    <Filter Include="Framework\Common">
      <UniqueIdentifier>{9603df69-2394-4540-a7a5-8152018dc62a}</UniqueIdentifier>
    </Filter>
    <Filter Include="Framework\Direct3D">
      <UniqueIdentifier>{ad99c581-0919-488b-a34f-b9298d6ccc47}</UniqueIdentifier>
    </Filter>
  </ItemGroup>
  <ItemGroup>
    <ClCompile Include="Sources\main.cpp">
      <Filter>Framework</Filter>
    </ClCompile>
    <ClCompile Include="Sources\Window\Window.cpp">
      <Filter>Framework\Window</Filter>
    </ClCompile>
    <ClCompile Include="Sources\Direct3D\Direct3D.cpp">
      <Filter>Framework\Direct3D</Filter>
    </ClCompile>
  </ItemGroup>
  <ItemGroup>
    <ClInclude Include="Include\Window\Window.h">
      <Filter>Framework\Window</Filter>
    </ClInclude>
    <ClInclude Include="Include\Common\Common.h">
      <Filter>Framework\Common</Filter>
    </ClInclude>
    <ClInclude Include="Include\Direct3D\Direct3D.h">
      <Filter>Framework\Direct3D</Filter>
    </ClInclude>
  </ItemGroup>
</Project>